{
  "name": "@negative-numbers/eight",
  "version": "1.0.0",
  "lockfileVersion": 3,
  "requires": true,
  "packages": {
    "": {
      "name": "@negative-numbers/eight",
      "version": "1.0.0",
      "license": "dffdssfdsfsdfsf",
      "dependencies": {
        "@positive-numbers/eight": "*",
        "countingup": "^0.0.1"
      }
    },
    "node_modules/@positive-numbers/eight": {
      "version": "3.0.0",
      "resolved": "https://registry.npmjs.org/@positive-numbers/eight/-/eight-3.0.0.tgz",
      "integrity": "sha512-sAFSjt9TGNtjEsU9pk6J8uOxrcOomouY3MVVwoyYoyCTIyJsvDFgDDyHRQknDadaGU7sF30nL9PQme4B57u2sg==",
      "license": "ISC",
      "dependencies": {
        "integer-value-positive-eight": "*"
      }
    },
    "node_modules/always-thirteen": {
      "version": "1.0.3",
      "resolved": "https://registry.npmjs.org/always-thirteen/-/always-thirteen-1.0.3.tgz",
      "integrity": "sha512-/iOEcrg6APXfpm9V2Cf/5hs3Ub1SssDuqjwdY9lwp/9L7hfl3Co4/G9eFVspspLEG5IrmvcV4665rO+qj13dSw==",
      "license": "ISC"
    },
    "node_modules/const": {
      "version": "1.0.0",
      "resolved": "https://registry.npmjs.org/const/-/const-1.0.0.tgz",
      "integrity": "sha512-E24n5WFSXaU6+BFaCqImKvuoroCm4jzi4imyA0e20wODGm02n/PmfNLOdngkXAh9DYSEDZIQ/cR+ADEPD1GJpA==",
      "license": "MIT"
    },
    "node_modules/countingup": {
      "version": "0.0.1",
      "resolved": "https://registry.npmjs.org/countingup/-/countingup-0.0.1.tgz",
      "integrity": "sha512-/oR+tnbeww0b5EFYiBV6tcGISwZo9g9xL8BK1QBqnluqXPY9ofjy2WTPXqiPvGDhp1q+y87RBHPOi0AS64yUSw==",
      "license": "UNLICENSED"
    },
    "node_modules/eight-toolkit": {
      "version": "1.0.0",
      "resolved": "https://registry.npmjs.org/eight-toolkit/-/eight-toolkit-1.0.0.tgz",
      "integrity": "sha512-koGB28C0kvSTAjKIllSKsBJYBfgRxCHjNUybASkpeY+5R3r8vmYVtGL3GDdNQXisfhsYp3fq+QUlCopnYnPd7g==",
      "license": "MIT",
      "dependencies": {
        "fourteen": "^2.0.0",
        "is-not-eight": "^8.0.0",
        "stevelib": "^1.0.0"
      }
    },
    "node_modules/fourteen": {
      "version": "2.0.0",
      "resolved": "https://registry.npmjs.org/fourteen/-/fourteen-2.0.0.tgz",
      "integrity": "sha512-02tlu8TZYwMMN1fwUJOptYZD+WVDbF9I04Z9I6zQTfrk+VERFzoWlhvpiogwddILeg01HxXyGVol3FQwoJ4TJg==",
      "license": "MIT",
      "dependencies": {
        "always-thirteen": "^1.0.3",
        "successor": "^1.0.0"
      }
    },
    "node_modules/integer-value-positive-eight": {
      "version": "1.0.0",
      "resolved": "https://registry.npmjs.org/integer-value-positive-eight/-/integer-value-positive-eight-1.0.0.tgz",
      "integrity": "sha512-X9Dmy0tBXkavzgVohi8/ndeCV4uL0amsIciwxUp4wr4+TMDmFIakxtS0c0nT9TZlcGnMYCdbYOPeQzUN+kGvxg==",
      "license": "MIT",
      "dependencies": {
        "const": "^1.0.0",
        "eight-toolkit": "^1.0.0"
      }
    },
    "node_modules/is-eight": {
      "version": "8.0.18",
      "resolved": "https://registry.npmjs.org/is-eight/-/is-eight-8.0.18.tgz",
      "integrity": "sha512-tkqtEbSav1U3+0JK3PUJcJw7vVhGmugHmdxoYpktl/PRAC8LPuO5KJ7Sdks29pfWH+mJQ7g5xjKHoB8ja1tyvQ==",
      "license": "WTFPL"
    },
    "node_modules/is-negative": {
      "version": "2.1.0",
      "resolved": "https://registry.npmjs.org/is-negative/-/is-negative-2.1.0.tgz",
      "integrity": "sha512-+iCKT4ZcvjRnjkHnQjZ8/qfciLLGD8BFKS0GNR5VjDU6jEiwh899R0GSMkaYcuTNd7fEKXb3Qib0webe6HczNw==",
      "license": "MIT",
      "engines": {
        "node": ">=0.10.0"
      }
    },
    "node_modules/is-not-eight": {
      "version": "8.0.0",
      "resolved": "https://registry.npmjs.org/is-not-eight/-/is-not-eight-8.0.0.tgz",
      "integrity": "sha512-qCblh1v2v5jBjKrX9PYUSYJXMRvxZorMg/VONUeH2VMTrMFMjTvvxegOIafxvNFAZgrbraueDmlbauJs9RIHkg==",
      "license": "WTFPL",
      "dependencies": {
        "is-eight": "^8.0.18"
      }
    },
    "node_modules/is-number": {
      "version": "7.0.0",
      "resolved": "https://registry.npmjs.org/is-number/-/is-number-7.0.0.tgz",
      "integrity": "sha512-41Cifkg6e8TylSpdtTpeLVMqvSBEVzTttHvERD741+pnZ8ANv0004MRL43QKPDlK9cGvNp6NZWZUBlbGXYxxng==",
      "license": "MIT",
      "engines": {
        "node": ">=0.12.0"
      }
    },
    "node_modules/is-positive-integer": {
      "version": "1.1.1",
      "resolved": "https://registry.npmjs.org/is-positive-integer/-/is-positive-integer-1.1.1.tgz",
      "integrity": "sha512-T6luDwx35p373DEOLlrsJ2OBg13BPu5XJqrUTKatMBJz0zaNgbv14evf/1Ktv0WuGl/iPUbbgjTNpVEI23Ijog==",
      "license": "MIT"
    },
    "node_modules/jsfruit": {
      "version": "1.1.0",
      "resolved": "https://registry.npmjs.org/jsfruit/-/jsfruit-1.1.0.tgz",
      "integrity": "sha512-On3qd9PNYR+3i6U4bzEV0y8X4x+ApKckb/sGkre/Z3cupJk3rukKkK9Ct2IdBRbuosA2L5OQipjWKgON4esKvg==",
      "license": "MIT"
    },
    "node_modules/libguacamole": {
      "version": "1.0.0",
      "resolved": "https://registry.npmjs.org/libguacamole/-/libguacamole-1.0.0.tgz",
      "integrity": "sha512-M6hklU9K2XU5KuoPq+2js5362RbvnKm5N2cy3mxIaivVvWTaqFX2Og/hB+YVTaGUFWfRtu1pvsH9jJ7M6rLI0A==",
      "license": "MIT",
      "dependencies": {
        "is-positive-integer": "^1.1.1"
      }
    },
    "node_modules/libperson": {
      "version": "1.0.0",
      "resolved": "https://registry.npmjs.org/libperson/-/libperson-1.0.0.tgz",
      "integrity": "sha512-Eos5ZmYW2dhPZEMIRgskDQOXuH9u99f7R11eqQhLWMyMam2xc0AsVxgoEH3xGsLvExkkfvhhkHOawLMIiR0EYw==",
      "license": "MIT",
      "dependencies": {
        "jsfruit": "^1.1.0",
        "libvegetable": "^1.0.0"
      }
    },
    "node_modules/libvegetable": {
      "version": "1.0.0",
      "resolved": "https://registry.npmjs.org/libvegetable/-/libvegetable-1.0.0.tgz",
      "integrity": "sha512-qSRAZ40DZpFv7wN8U6LCOZUcolZMZDyM0+0k8KR+3zQqE3+0j4ZU9Xx81VWXZ0j+ssOeje3qv82vyCl5g/53cw==",
      "license": "MIT",
      "dependencies": {
        "jsfruit": "^1.1.0",
        "libguacamole": "^1.0.0"
      }
    },
    "node_modules/stevelib": {
      "version": "1.0.0",
      "resolved": "https://registry.npmjs.org/stevelib/-/stevelib-1.0.0.tgz",
      "integrity": "sha512-gfVqeTzYlZ6gLlj+KBpZAph8SZ+H9VHg3BrIklL81NAkwbNsJyicblx76RJ+fBTcNQgLeANgHWNZ+qiF5Guz+g==",
      "license": "MIT",
      "dependencies": {
        "libperson": "^1.0.0"
      }
    },
    "node_modules/successor": {
      "version": "1.0.1",
      "resolved": "https://registry.npmjs.org/successor/-/successor-1.0.1.tgz",
      "integrity": "sha512-xKiQSxuJBTUIFhDYbkhw2yQR3C6igFo/+OYbLQDjLqtlpthn2TorUyQ0QMrwA8wdQQo8dQqDsibYQvedIsJxNA==",
      "license": "MIT",
      "dependencies": {
        "is-negative": "^2.1.0",
        "is-number": "^7.0.0",
        "true": "^0.0.4"
      }
    },
    "node_modules/true": {
      "version": "0.0.4",
      "resolved": "https://registry.npmjs.org/true/-/true-0.0.4.tgz",
      "integrity": "sha512-e7hkFCda5y51OTE4eQHVPFbuljGnOpzrVcigGM5Pd9+Bw1bEsHCq3mVIm/z/O5Mh1bXtVPNxUV8oCl/dMunlRg==",
      "license": "Apache-2.0",
      "bin": {
        "true": "bin/cli.js"
      }
    }
  }
}
