{
  "name": "@positive-numbers/one-hundred",
  "version": "4.0.0",
  "lockfileVersion": 3,
  "requires": true,
  "packages": {
    "": {
      "name": "@positive-numbers/one-hundred",
      "version": "4.0.0",
      "license": "ISC",
      "dependencies": {
        "fizzbuzz-enterprise": "^1.0.0"
      }
    },
    "node_modules/@_immo/return": {
      "version": "1.1.1",
      "resolved": "https://registry.npmjs.org/@_immo/return/-/return-1.1.1.tgz",
      "integrity": "sha512-Wl7lVBDySs64lbETlNiJ36goDkWuznM/8+v6j/CBSaF6n4jyZtXVdv91Vnf0njjSIIz1eRBF3pLe1nyhTK0AGg==",
      "license": "AGPL-3.0",
      "dependencies": {
        "@_immo/return": "^1.1.0",
        "false": "^0.0.4",
        "is-even": "^1.0.0",
        "is-number": "^7.0.0",
        "is-odd": "^3.0.1",
        "true": "^0.0.4"
      }
    },
    "node_modules/@10xly/strict-equals": {
      "version": "1.0.0",
      "resolved": "https://registry.npmjs.org/@10xly/strict-equals/-/strict-equals-1.0.0.tgz",
      "integrity": "sha512-i+qwb0Xy7ibdAlvxqeEGrt1dbGy5Wlznjqk5oXCOQ0LAM34f0RrSVHyW4rFWVovzwzNqUcIByAWroGtIXgPMMw==",
      "license": "MIT"
    },
    "node_modules/@positive-numbers/five": {
      "version": "3.0.0",
      "resolved": "https://registry.npmjs.org/@positive-numbers/five/-/five-3.0.0.tgz",
      "integrity": "sha512-Tr31gsh1r3iwy93pPpkMDv9vG2zicqGBB4LKWBe0HaQUtiWzvzaQMM+FjPe68ZUXbJm3oINDx/OLiK9QUwDlwA==",
      "license": "ISC",
      "dependencies": {
        "integer-value-positive-five": "*"
      }
    },
    "node_modules/@positive-numbers/four": {
      "version": "3.0.0",
      "resolved": "https://registry.npmjs.org/@positive-numbers/four/-/four-3.0.0.tgz",
      "integrity": "sha512-ed43vFtn6qWMVaK2EwQeGncFKqrxoYXRcX+hhxPasGVs29whH5zwebph0/hu7Y8lhtEP8sHJmhUgFEybEP3dGg==",
      "license": "ISC",
      "dependencies": {
        "integer-value-positive-four": "*"
      }
    },
    "node_modules/@positive-numbers/one": {
      "version": "3.0.0",
      "resolved": "https://registry.npmjs.org/@positive-numbers/one/-/one-3.0.0.tgz",
      "integrity": "sha512-wLU5f4cSGfAQ7FISeyNfNS58DqLVu0Dexj9pAeepDn6mIE7r/6lvZtwwAmXm9VZ/FOk5h18+kfz8rxJ4/Eo/qg==",
      "license": "ISC",
      "dependencies": {
        "integer-value-positive-one": "*"
      }
    },
    "node_modules/@positive-numbers/seven": {
      "version": "3.0.0",
      "resolved": "https://registry.npmjs.org/@positive-numbers/seven/-/seven-3.0.0.tgz",
      "integrity": "sha512-b+JEOtCea0fkf6TqKzBDuermxE4nv6GMCeZbulirFNHL1zKjKY2t62GGikapoHoBMCuNpnT08yqPe8/FevD8Eg==",
      "license": "ISC",
      "dependencies": {
        "integer-value-positive-seven": "*"
      }
    },
    "node_modules/@positive-numbers/six": {
      "version": "3.0.0",
      "resolved": "https://registry.npmjs.org/@positive-numbers/six/-/six-3.0.0.tgz",
      "integrity": "sha512-I6L/J0Psiu3HsV476sRJ6bTE5E7PWIiABXa2JUbYsLOlp1q/XehestszW3afaEdpMZAy+NP6VPG1wBKAJXEGLg==",
      "license": "ISC",
      "dependencies": {
        "integer-value-positive-six": "*"
      }
    },
    "node_modules/@positive-numbers/three": {
      "version": "3.0.0",
      "resolved": "https://registry.npmjs.org/@positive-numbers/three/-/three-3.0.0.tgz",
      "integrity": "sha512-+iMSqUv1HwNKxZX+hwDvnChCuSPWTG9Yiql4rNmuRTinZ/dpXGeRL2Z1v1DPkv15xhf/O+FlS/at3XfMcbgBAw==",
      "license": "ISC",
      "dependencies": {
        "integer-value-positive-three": "*"
      }
    },
    "node_modules/@positive-numbers/two": {
      "version": "3.0.0",
      "resolved": "https://registry.npmjs.org/@positive-numbers/two/-/two-3.0.0.tgz",
      "integrity": "sha512-+rhznFfaRfE38L1XauSg8WeP6EMK98BOLj8BO6Me5LgvuYmFho8Vo89/jvwS3G/A46FyRibO6EgeulMlvQ1uSw==",
      "license": "ISC",
      "dependencies": {
        "integer-value-positive-two": "*"
      }
    },
    "node_modules/@positive-numbers/zero": {
      "version": "3.0.0",
      "resolved": "https://registry.npmjs.org/@positive-numbers/zero/-/zero-3.0.0.tgz",
      "integrity": "sha512-Mum7K5sRkg+ybFYBjyxCCSQ0bDbPo8RdczDIunLqEZz06uicHywwTYo52cbftV/u8E9+qHlz5PnkDcF/NI0mqA==",
      "license": "ISC",
      "dependencies": {
        "number-zero": "*"
      }
    },
    "node_modules/@rightpad/concat": {
      "version": "1.0.0",
      "resolved": "https://registry.npmjs.org/@rightpad/concat/-/concat-1.0.0.tgz",
      "integrity": "sha512-3Ocu5YJWOFLIQLRBCc2V6AVaGKssc2YEBgKPY+7bgaLgMsgYfmdiVILNJrDZNy8R2nkhvYrrYVZChYP4WIZyNg==",
      "license": "Unlicense",
      "dependencies": {
        "call-bound": "^1.0.4",
        "get-intrinsic": "^1.3.1"
      }
    },
    "node_modules/add-two-numbers2": {
      "version": "1.0.0",
      "resolved": "https://registry.npmjs.org/add-two-numbers2/-/add-two-numbers2-1.0.0.tgz",
      "integrity": "sha512-9sLESzMOsslRDm2LBjjBXlnd62W5rwLTbb7hkJ0WQTpO870AxOi1RPPhITslHXSwRV//wRwzJE34cH1LaEu2LA==",
      "license": "MIT"
    },
    "node_modules/always-thirteen": {
      "version": "1.0.3",
      "resolved": "https://registry.npmjs.org/always-thirteen/-/always-thirteen-1.0.3.tgz",
      "integrity": "sha512-/iOEcrg6APXfpm9V2Cf/5hs3Ub1SssDuqjwdY9lwp/9L7hfl3Co4/G9eFVspspLEG5IrmvcV4665rO+qj13dSw==",
      "license": "ISC"
    },
    "node_modules/assert-fn": {
      "version": "1.0.1",
      "resolved": "https://registry.npmjs.org/assert-fn/-/assert-fn-1.0.1.tgz",
      "integrity": "sha512-YA23prfdIZozmfSSKlRuypxG6xfoJdFDZ5ZwXpvYSEfQcpOm6tKWt7R71Bgc7OIQL8EEmOwSn1bXFmBt9B+uQw==",
      "license": "UNLICENSED",
      "dependencies": {
        "none": "^1.0.0",
        "vanilla-javascript": "^1.1.1"
      }
    },
    "node_modules/async-function": {
      "version": "1.0.0",
      "resolved": "https://registry.npmjs.org/async-function/-/async-function-1.0.0.tgz",
      "integrity": "sha512-hsU18Ae8CDTR6Kgu9DYf0EbCr/a5iGL0rytQDobUcdpYOKokk8LEjVphnXkDkgpi0wYVsqrXuP0bZxJaTqdgoA==",
      "license": "MIT",
      "engines": {
        "node": ">= 0.4"
      }
    },
    "node_modules/async-generator-function": {
      "version": "1.0.0",
      "resolved": "https://registry.npmjs.org/async-generator-function/-/async-generator-function-1.0.0.tgz",
      "integrity": "sha512-+NAXNqgCrB95ya4Sr66i1CL2hqLVckAk7xwRYWdcm39/ELQ6YNn1aw5r0bdQtqNZgQpEWzc5yc/igXc7aL5SLA==",
      "license": "MIT",
      "engines": {
        "node": ">= 0.4"
      }
    },
    "node_modules/attempt-statement": {
      "version": "1.2.1",
      "resolved": "https://registry.npmjs.org/attempt-statement/-/attempt-statement-1.2.1.tgz",
      "integrity": "sha512-mofOJXvfJck7NlOxCutw0OlQeLKtPGjXOsrREAVKRbLT7ZNJrDz76K58U4OMQC3p+CIPHhsBCKGH+BL6GCqyLQ==",
      "license": "UNLICENSED",
      "dependencies": {
        "true-value": "^2.0.5"
      }
    },
    "node_modules/call-bind-apply-helpers": {
      "version": "1.0.2",
      "resolved": "https://registry.npmjs.org/call-bind-apply-helpers/-/call-bind-apply-helpers-1.0.2.tgz",
      "integrity": "sha512-Sp1ablJ0ivDkSzjcaJdxEunN5/XvksFJ2sMBFfq6x0ryhQV/2b/KwFe21cMpmHtPOSij8K99/wSfoEuTObmuMQ==",
      "license": "MIT",
      "dependencies": {
        "es-errors": "^1.3.0",
        "function-bind": "^1.1.2"
      },
      "engines": {
        "node": ">= 0.4"
      }
    },
    "node_modules/call-bound": {
      "version": "1.0.4",
      "resolved": "https://registry.npmjs.org/call-bound/-/call-bound-1.0.4.tgz",
      "integrity": "sha512-+ys997U96po4Kx/ABpBCqhA9EuxJaQWDQg7295H4hBphv3IZg0boBKuwYpt4YXp6MZ5AmZQnU/tyMTlRpaSejg==",
      "license": "MIT",
      "dependencies": {
        "call-bind-apply-helpers": "^1.0.2",
        "get-intrinsic": "^1.3.0"
      },
      "engines": {
        "node": ">= 0.4"
      },
      "funding": {
        "url": "https://github.com/sponsors/ljharb"
      }
    },
    "node_modules/capitalize": {
      "version": "2.0.4",
      "resolved": "https://registry.npmjs.org/capitalize/-/capitalize-2.0.4.tgz",
      "integrity": "sha512-wcSyiFqXRYyCoqu0o0ekXzJAKCLMkqWS5QWGlgTJFJKwRmI6pzcN2hBl5VPq9RzLW5Uf4FF/V/lcFfjCtVak2w==",
      "license": "MIT"
    },
    "node_modules/compute-hmean": {
      "version": "1.0.0",
      "resolved": "https://registry.npmjs.org/compute-hmean/-/compute-hmean-1.0.0.tgz",
      "integrity": "sha512-6PT9/rUOdxE0p2HZLuG+TOrWcYPfAYsbaQEQp4Em3CjYymMeP00kpL4FFLNzR1xOMdarVQVka+lFvVLby+yG9g=="
    },
    "node_modules/const": {
      "version": "1.0.0",
      "resolved": "https://registry.npmjs.org/const/-/const-1.0.0.tgz",
      "integrity": "sha512-E24n5WFSXaU6+BFaCqImKvuoroCm4jzi4imyA0e20wODGm02n/PmfNLOdngkXAh9DYSEDZIQ/cR+ADEPD1GJpA==",
      "license": "MIT"
    },
    "node_modules/construct-new": {
      "version": "2.0.4",
      "resolved": "https://registry.npmjs.org/construct-new/-/construct-new-2.0.4.tgz",
      "integrity": "sha512-Z+6upmg0c91JusVHy+KGtiYGnri7kQun87jTZomcLfFObmLRgPtXdcjewaH6Pcg9xxpRb7ala3gD6ZK9fCip/g==",
      "license": "MIT",
      "dependencies": {
        "@_immo/return": "^1.1.1",
        "get-intrinsic": "^1.3.1",
        "immediate-error": "^6.3.0",
        "is-arguments": "^1.1.1",
        "is-constructable": "^1.0.0",
        "is-es2015": "^0.1.6",
        "is-function": "^1.0.2",
        "is-nil": "^1.0.1",
        "isarray": "^2.0.5",
        "noop6": "^1.0.9",
        "true-value": "^2.0.5"
      }
    },
    "node_modules/define-data-property": {
      "version": "1.1.4",
      "resolved": "https://registry.npmjs.org/define-data-property/-/define-data-property-1.1.4.tgz",
      "integrity": "sha512-rBMvIzlpA8v6E+SJZoo++HAYqsLrkg7MSfIinMPFhmkorw7X+dOXVJQs+QT69zGkzMyfDnIMN2Wid1+NbL3T+A==",
      "license": "MIT",
      "dependencies": {
        "es-define-property": "^1.0.0",
        "es-errors": "^1.3.0",
        "gopd": "^1.0.1"
      },
      "engines": {
        "node": ">= 0.4"
      },
      "funding": {
        "url": "https://github.com/sponsors/ljharb"
      }
    },
    "node_modules/desync": {
      "version": "1.1.2",
      "resolved": "https://registry.npmjs.org/desync/-/desync-1.1.2.tgz",
      "integrity": "sha512-kCUPqjrzIa83kAK+r0DO/S+hwYW6g+8ti7VDcON2c/u6PAB7VdEnkeLdOmtDtXOLdEcegAiP08/uKPlnFFGkYA==",
      "license": "MIT"
    },
    "node_modules/dunder-proto": {
      "version": "1.0.1",
      "resolved": "https://registry.npmjs.org/dunder-proto/-/dunder-proto-1.0.1.tgz",
      "integrity": "sha512-KIN/nDJBQRcXw0MLVhZE9iQHmG68qAVIBg9CqmUYjmQIhgij9U5MFvrqkUL5FbtyyzZuOeOt0zdeRe4UY7ct+A==",
      "license": "MIT",
      "dependencies": {
        "call-bind-apply-helpers": "^1.0.1",
        "es-errors": "^1.3.0",
        "gopd": "^1.2.0"
      },
      "engines": {
        "node": ">= 0.4"
      }
    },
    "node_modules/es-define-property": {
      "version": "1.0.1",
      "resolved": "https://registry.npmjs.org/es-define-property/-/es-define-property-1.0.1.tgz",
      "integrity": "sha512-e3nRfgfUZ4rNGL232gUgX06QNyyez04KdjFrF+LTRoOXmrOgFKDg4BCdsjW8EnT69eqdYGmRpJwiPVYNrCaW3g==",
      "license": "MIT",
      "engines": {
        "node": ">= 0.4"
      }
    },
    "node_modules/es-errors": {
      "version": "1.3.0",
      "resolved": "https://registry.npmjs.org/es-errors/-/es-errors-1.3.0.tgz",
      "integrity": "sha512-Zf5H2Kxt2xjTvbJvP2ZWLEICxA6j+hAmMzIlypy4xcBg1vKVnx89Wy0GbS+kf5cwCVFFzdCFh2XSCFNULS6csw==",
      "license": "MIT",
      "engines": {
        "node": ">= 0.4"
      }
    },
    "node_modules/es-logical-and-operator": {
      "version": "1.0.0",
      "resolved": "https://registry.npmjs.org/es-logical-and-operator/-/es-logical-and-operator-1.0.0.tgz",
      "integrity": "sha512-d8323oG5ML3mSvi2Gwn8XNV/+LQEPnOnBiv2MiCcrwDBQc4k4f+5/jCFHV5YtgIOpYNATukZals3T6WXZtkcTg==",
      "license": "EGPSL10X-1.0"
    },
    "node_modules/es-object-atoms": {
      "version": "1.1.1",
      "resolved": "https://registry.npmjs.org/es-object-atoms/-/es-object-atoms-1.1.1.tgz",
      "integrity": "sha512-FGgH2h8zKNim9ljj7dankFPcICIK9Cp5bm+c2gQSYePhpaG5+esrLODihIorn+Pe6FGJzWhXQotPv73jTaldXA==",
      "license": "MIT",
      "dependencies": {
        "es-errors": "^1.3.0"
      },
      "engines": {
        "node": ">= 0.4"
      }
    },
    "node_modules/es-two": {
      "version": "1.0.0",
      "resolved": "https://registry.npmjs.org/es-two/-/es-two-1.0.0.tgz",
      "integrity": "sha512-Qteca5OTIIMAziBi/pe91QAY8EgO9PWiIaLodUSYZ3Q4vnyjutaWJqcrlgLiShkRkK8VZ+X+jqR0+Uw4G6wEEA==",
      "license": "MIT",
      "dependencies": {
        "literally": "^1.0.0",
        "two-shim": "^1.0.0"
      }
    },
    "node_modules/false": {
      "version": "0.0.4",
      "resolved": "https://registry.npmjs.org/false/-/false-0.0.4.tgz",
      "integrity": "sha512-CPAG3ud9Cz8NvLKlsTLr/F1aoJL6tPyhNTzaDFzS5CX6id21hVuS5sBK8wlTLuvFklpvH1idvPbW8Lbri3G7qA==",
      "license": "Apache-2.0"
    },
    "node_modules/false-value": {
      "version": "2.0.6",
      "resolved": "https://registry.npmjs.org/false-value/-/false-value-2.0.6.tgz",
      "integrity": "sha512-G7epeZLimEOtbFK17pADulOyp10sdiIwOScLsnjiavbVQ54rQihxUeUOQWMIt04ztZaCdjz0pe7v8f3jypGXWg==",
      "license": "MIT",
      "dependencies": {
        "true-value": "^2.0.5"
      }
    },
    "node_modules/fifteen-kilos": {
      "version": "2.0.0",
      "resolved": "https://registry.npmjs.org/fifteen-kilos/-/fifteen-kilos-2.0.0.tgz",
      "integrity": "sha512-YxiUYqD8xkY+8hMu11Lqlrbde4VAk8SQ5yobuec2mVBUiwFxasEUyaKWNmsoaRaO3lXBJ6YRM2C8+9FoPrIhjw==",
      "license": "MIT"
    },
    "node_modules/fifteen-point-eight-three-five-two-six-six-eight-two-and-so-on": {
      "version": "1.0.0",
      "resolved": "https://registry.npmjs.org/fifteen-point-eight-three-five-two-six-six-eight-two-and-so-on/-/fifteen-point-eight-three-five-two-six-six-eight-two-and-so-on-1.0.0.tgz",
      "integrity": "sha512-YROmA4J4vP0HgN8Qds1lpWNKSDVk85+EPEmFytWmCJc3Pa1IZ4XuuV+YHB0ohNv5h6maqTqY2LvI8R/AlGOVTA==",
      "license": "MIT",
      "dependencies": {
        "always-thirteen": "^1.0.3",
        "compute-hmean": "^1.0.0",
        "fourteen": "^2.0.0",
        "meaning-of-life": "^1.0.0",
        "number-fifteen": "^1.0.0"
      }
    },
    "node_modules/five": {
      "version": "0.8.0",
      "resolved": "https://registry.npmjs.org/five/-/five-0.8.0.tgz",
      "integrity": "sha512-kx1sT4ZGNZQfOY31NBPJnbPjQ4BLinR9Wu9pmkUYlwx3A9U9QxJGhk2Ro4Fs2Ayn4tptVep/n8vjydKBVUKHYg==",
      "license": "MIT"
    },
    "node_modules/fizzbuzz-enterprise": {
      "version": "1.0.0",
      "resolved": "https://registry.npmjs.org/fizzbuzz-enterprise/-/fizzbuzz-enterprise-1.0.0.tgz",
      "integrity": "sha512-rkMtGPz9fopCgI+8bd2dYBOGoANhakfU4aGo2VU7Nd47sJOQ7AIOyM37UdwjBx9kcGH3yTbKsN92wcRvKmQ56w==",
      "license": "MIT",
      "dependencies": {
        "@10xly/strict-equals": "^1.0.0",
        "@rightpad/concat": "^1.0.0",
        "add-two-numbers2": "^1.0.0",
        "capitalize": "^2.0.4",
        "construct-new": "^2.0.4",
        "es-logical-and-operator": "^1.0.0",
        "false-value": "^2.0.6",
        "get-intrinsic": "^1.3.1",
        "is-multiple-of": "^1.1.0",
        "string-buzz": "^1.0.0",
        "string-fizz": "^1.0.0",
        "subtract": "^0.0.3",
        "true-value": "^2.0.5",
        "uncurry-x": "^1.0.1"
      }
    },
    "node_modules/fourteen": {
      "version": "2.0.0",
      "resolved": "https://registry.npmjs.org/fourteen/-/fourteen-2.0.0.tgz",
      "integrity": "sha512-02tlu8TZYwMMN1fwUJOptYZD+WVDbF9I04Z9I6zQTfrk+VERFzoWlhvpiogwddILeg01HxXyGVol3FQwoJ4TJg==",
      "license": "MIT",
      "dependencies": {
        "always-thirteen": "^1.0.3",
        "successor": "^1.0.0"
      }
    },
    "node_modules/function-bind": {
      "version": "1.1.2",
      "resolved": "https://registry.npmjs.org/function-bind/-/function-bind-1.1.2.tgz",
      "integrity": "sha512-7XHNxH7qX9xG5mIwxkhumTox/MIRNcOgDrxWsMt2pAr23WHp6MrRlN7FBSFpCpr+oVO0F744iUgR82nJMfG2SA==",
      "license": "MIT",
      "funding": {
        "url": "https://github.com/sponsors/ljharb"
      }
    },
    "node_modules/function.call-x": {
      "version": "1.0.0",
      "resolved": "https://registry.npmjs.org/function.call-x/-/function.call-x-1.0.0.tgz",
      "integrity": "sha512-k/QWjkUv4WtCiAhH27Z0ulToohVPb//7zn5UkMUSZefe4ygabjquyErtkUlkq9Fy8bBFekNjkYZJdWtGVdCNXA==",
      "license": "MIT"
    },
    "node_modules/general-concat": {
      "version": "1.0.0",
      "resolved": "https://registry.npmjs.org/general-concat/-/general-concat-1.0.0.tgz",
      "integrity": "sha512-QfRYd9aBv+EsJQiWEd5Kqkr8j5QOw5U05l4wzKt2UCo0f2eCOGwhM7RFqyBKzM1MMcbh2yEs37mJj5XuCD0ONA==",
      "license": "ISC",
      "dependencies": {
        "to-str": "^1.0.0"
      }
    },
    "node_modules/generator-function": {
      "version": "2.0.1",
      "resolved": "https://registry.npmjs.org/generator-function/-/generator-function-2.0.1.tgz",
      "integrity": "sha512-SFdFmIJi+ybC0vjlHN0ZGVGHc3lgE0DxPAT0djjVg+kjOnSqclqmj0KQ7ykTOLP6YxoqOvuAODGdcHJn+43q3g==",
      "license": "MIT",
      "engines": {
        "node": ">= 0.4"
      }
    },
    "node_modules/get-intrinsic": {
      "version": "1.3.1",
      "resolved": "https://registry.npmjs.org/get-intrinsic/-/get-intrinsic-1.3.1.tgz",
      "integrity": "sha512-fk1ZVEeOX9hVZ6QzoBNEC55+Ucqg4sTVwrVuigZhuRPESVFpMyXnd3sbXvPOwp7Y9riVyANiqhEuRF0G1aVSeQ==",
      "license": "MIT",
      "dependencies": {
        "async-function": "^1.0.0",
        "async-generator-function": "^1.0.0",
        "call-bind-apply-helpers": "^1.0.2",
        "es-define-property": "^1.0.1",
        "es-errors": "^1.3.0",
        "es-object-atoms": "^1.1.1",
        "function-bind": "^1.1.2",
        "generator-function": "^2.0.0",
        "get-proto": "^1.0.1",
        "gopd": "^1.2.0",
        "has-symbols": "^1.1.0",
        "hasown": "^2.0.2",
        "math-intrinsics": "^1.1.0"
      },
      "engines": {
        "node": ">= 0.4"
      },
      "funding": {
        "url": "https://github.com/sponsors/ljharb"
      }
    },
    "node_modules/get-proto": {
      "version": "1.0.1",
      "resolved": "https://registry.npmjs.org/get-proto/-/get-proto-1.0.1.tgz",
      "integrity": "sha512-sTSfBjoXBp89JvIKIefqw7U2CCebsc74kiY6awiGogKtoSGbgjYE/G/+l9sF3MWFPNc9IcoOC4ODfKHfxFmp0g==",
      "license": "MIT",
      "dependencies": {
        "dunder-proto": "^1.0.1",
        "es-object-atoms": "^1.0.0"
      },
      "engines": {
        "node": ">= 0.4"
      }
    },
    "node_modules/gopd": {
      "version": "1.2.0",
      "resolved": "https://registry.npmjs.org/gopd/-/gopd-1.2.0.tgz",
      "integrity": "sha512-ZUKRh6/kUFoAiTAtTYPZJ3hw9wNxx+BIBOijnlG9PnrJsCcSjs1wyyD6vJpaYtgnzDrKYRSqf3OO6Rfa93xsRg==",
      "license": "MIT",
      "engines": {
        "node": ">= 0.4"
      },
      "funding": {
        "url": "https://github.com/sponsors/ljharb"
      }
    },
    "node_modules/has-property-descriptors": {
      "version": "1.0.2",
      "resolved": "https://registry.npmjs.org/has-property-descriptors/-/has-property-descriptors-1.0.2.tgz",
      "integrity": "sha512-55JNKuIW+vq4Ke1BjOTjM2YctQIvCT7GFzHwmfZPGo5wnrgkid0YQtnAleFSqumZm4az3n2BS+erby5ipJdgrg==",
      "license": "MIT",
      "dependencies": {
        "es-define-property": "^1.0.0"
      },
      "funding": {
        "url": "https://github.com/sponsors/ljharb"
      }
    },
    "node_modules/has-symbols": {
      "version": "1.1.0",
      "resolved": "https://registry.npmjs.org/has-symbols/-/has-symbols-1.1.0.tgz",
      "integrity": "sha512-1cDNdwJ2Jaohmb3sg4OmKaMBwuC48sYni5HUw2DvsC8LjGTLK9h+eb1X6RyuOHe4hT0ULCW68iomhjUoKUqlPQ==",
      "license": "MIT",
      "engines": {
        "node": ">= 0.4"
      },
      "funding": {
        "url": "https://github.com/sponsors/ljharb"
      }
    },
    "node_modules/has-tostringtag": {
      "version": "1.0.2",
      "resolved": "https://registry.npmjs.org/has-tostringtag/-/has-tostringtag-1.0.2.tgz",
      "integrity": "sha512-NqADB8VjPFLM2V0VvHUewwwsw0ZWBaIdgo+ieHtK3hasLz4qeCRjYcqfB6AQrBggRKppKF8L52/VqdVsO47Dlw==",
      "license": "MIT",
      "dependencies": {
        "has-symbols": "^1.0.3"
      },
      "engines": {
        "node": ">= 0.4"
      },
      "funding": {
        "url": "https://github.com/sponsors/ljharb"
      }
    },
    "node_modules/hasown": {
      "version": "2.0.2",
      "resolved": "https://registry.npmjs.org/hasown/-/hasown-2.0.2.tgz",
      "integrity": "sha512-0hJU9SCPvmMzIBdZFqNPXWa6dqh7WdH0cII9y+CyS8rG3nL48Bclra9HmKhVVUHyPWNH5Y7xDwAB7bfgSjkUMQ==",
      "license": "MIT",
      "dependencies": {
        "function-bind": "^1.1.2"
      },
      "engines": {
        "node": ">= 0.4"
      }
    },
    "node_modules/if": {
      "version": "2.0.0",
      "resolved": "https://registry.npmjs.org/if/-/if-2.0.0.tgz",
      "integrity": "sha512-7ApdCMtv9ytVMhse+A0aNJk0tRe4nlD4o9zf5bU8xnqZhwtWLchAHrjCtgf10bdM3VEY4kUqb7x+GPntKumzKA==",
      "license": "MIT"
    },
    "node_modules/immediate-error": {
      "version": "6.4.0",
      "resolved": "https://registry.npmjs.org/immediate-error/-/immediate-error-6.4.0.tgz",
      "integrity": "sha512-bhd9dy4WMw14n0Xu7r18DTggO7W2LtFkD4BoGlL8gtEFm3xI393PnERJDeuv12LLQUF7ypZG/u5ozF4ZJOU9pA==",
      "license": "Unlicense",
      "dependencies": {
        "@positive-numbers/five": "^3.0.0",
        "@positive-numbers/four": "^3.0.0",
        "@positive-numbers/one": "^3.0.0",
        "@positive-numbers/seven": "^3.0.0",
        "@positive-numbers/six": "^3.0.0",
        "@positive-numbers/three": "^3.0.0",
        "@positive-numbers/two": "^3.0.0",
        "@positive-numbers/zero": "^3.0.0",
        "assert-fn": "^1.0.1",
        "attempt-statement": "^1.2.0",
        "construct-new": "^2.0.3",
        "es-errors": "^1.3.0",
        "es-object-atoms": "^1.1.1",
        "get-intrinsic": "^1.3.1",
        "number-zero": "^1.0.3",
        "switch-in-fp": "^3.0.0",
        "yanoop": "^1.0.0"
      }
    },
    "node_modules/integer-value-positive-five": {
      "version": "1.0.0",
      "resolved": "https://registry.npmjs.org/integer-value-positive-five/-/integer-value-positive-five-1.0.0.tgz",
      "integrity": "sha512-JjjS77akLapIo/R43iGVQAq9yGRBJsx5yMm4O5MD20aXJ5Mxohg0lt3BLfbKgykdkCSfKuvrHvlSZ0TAvuvUNA==",
      "license": "MIT",
      "dependencies": {
        "five": "^0.8.0"
      }
    },
    "node_modules/integer-value-positive-four": {
      "version": "1.0.0",
      "resolved": "https://registry.npmjs.org/integer-value-positive-four/-/integer-value-positive-four-1.0.0.tgz",
      "integrity": "sha512-W69dNRTP2kYIZr+wTtAXPZwrcoNuvZ5c7hpc2kzSqxob71zvpSAPBoy7rxiEV6g/PwSUI2+HXYd4xJ+8qRPLaw==",
      "license": "MIT",
      "dependencies": {
        "integer-value-positive-three": "^1.0.0",
        "lodash.constant": "^3.0.0",
        "successor": "^1.0.1",
        "yanoop": "^1.0.0"
      }
    },
    "node_modules/integer-value-positive-one": {
      "version": "1.0.2",
      "resolved": "https://registry.npmjs.org/integer-value-positive-one/-/integer-value-positive-one-1.0.2.tgz",
      "integrity": "sha512-nSposnekAMigx0WC9L1O2eqPujjxkbRt5hktfzE9gfa7b9dCbonsHWAVRXBFeucJBEVnCOe2084kOcSKpUDPmQ==",
      "license": "MIT",
      "dependencies": {
        "the-number-one": "^1.0.1"
      }
    },
    "node_modules/integer-value-positive-seven": {
      "version": "1.0.1",
      "resolved": "https://registry.npmjs.org/integer-value-positive-seven/-/integer-value-positive-seven-1.0.1.tgz",
      "integrity": "sha512-ERnQYjZE8iZ5gnE46NOZXHwkN0UN0DL7NFpVA4guQtf+R4+rNGM0Dp1ZMkx7hCODhEeJ1MCMp+cmAVHiEyLwGA==",
      "license": "MIT",
      "dependencies": {
        "se7en": "^1.0.0"
      }
    },
    "node_modules/integer-value-positive-six": {
      "version": "1.0.1",
      "resolved": "https://registry.npmjs.org/integer-value-positive-six/-/integer-value-positive-six-1.0.1.tgz",
      "integrity": "sha512-WjATet/ifb4VOTBw5+xnFSK2xbQt2tK7Vova1MCS1xNz9wEmZoBSo9Z4JhREEZGHwtMtWnSiF/rKV0mzX/z3WA==",
      "license": "MIT",
      "dependencies": {
        "const": "^1.0.0",
        "number-six": "^1.0.1"
      }
    },
    "node_modules/integer-value-positive-three": {
      "version": "1.0.0",
      "resolved": "https://registry.npmjs.org/integer-value-positive-three/-/integer-value-positive-three-1.0.0.tgz",
      "integrity": "sha512-+nVbyGzM7mGtZXqYyqrxDa95roMLA3bp2BKPOYrIIh6M2zyfNXyvQ0D4S5EZZr3RHIjepkFCxRCq8RXhP82Oag==",
      "license": "MIT",
      "dependencies": {
        "add-two-numbers2": "^1.0.0",
        "five": "^0.8.0",
        "jquery-basic-arithmetic-plugin": "^1.1.0",
        "make-jquery-global": "^1.0.1"
      }
    },
    "node_modules/integer-value-positive-two": {
      "version": "1.0.0",
      "resolved": "https://registry.npmjs.org/integer-value-positive-two/-/integer-value-positive-two-1.0.0.tgz",
      "integrity": "sha512-JAT8d3oZaxXANJC4MXvnhbq321P+MdBbPcnAwHyrOx50dzylidGfIntcaL7zcG2wsNk5kpN1YVQiA6jTzSdoQQ==",
      "license": "MIT",
      "dependencies": {
        "es-two": "^1.0.0"
      }
    },
    "node_modules/is-arguments": {
      "version": "1.2.0",
      "resolved": "https://registry.npmjs.org/is-arguments/-/is-arguments-1.2.0.tgz",
      "integrity": "sha512-7bVbi0huj/wrIAOzb8U1aszg9kdi3KN/CyU19CTI7tAoZYEZoL9yCDXpbXN+uPsuWnP02cyug1gleqq+TU+YCA==",
      "license": "MIT",
      "dependencies": {
        "call-bound": "^1.0.2",
        "has-tostringtag": "^1.0.2"
      },
      "engines": {
        "node": ">= 0.4"
      },
      "funding": {
        "url": "https://github.com/sponsors/ljharb"
      }
    },
    "node_modules/is-buffer": {
      "version": "1.1.6",
      "resolved": "https://registry.npmjs.org/is-buffer/-/is-buffer-1.1.6.tgz",
      "integrity": "sha512-NcdALwpXkTm5Zvvbk7owOUSvVvBKDgKP5/ewfXEznmQFfs4ZRmanOeKBTjRVjka3QFoN6XJ+9F3USqfHqTaU5w==",
      "license": "MIT"
    },
    "node_modules/is-constructable": {
      "version": "1.0.0",
      "resolved": "https://registry.npmjs.org/is-constructable/-/is-constructable-1.0.0.tgz",
      "integrity": "sha512-80YSSxdVQp8n9TSvisKqFD0sPEtUaHwPdDNr4+6GERmuPhj8BMM4iuTq06p4Um4DEg/gXu++BChUyMcOKcYeVg==",
      "license": "MIT"
    },
    "node_modules/is-es2015": {
      "version": "0.1.6",
      "resolved": "https://registry.npmjs.org/is-es2015/-/is-es2015-0.1.6.tgz",
      "integrity": "sha512-6p8V57Xw43okBjxmgm7pOZJNHWrWD6OQhcCdatbd4NQKAR0czEPdSW0SG7aZldM4MinQJHpx9bjhbdjw4oSxew==",
      "license": "ISC"
    },
    "node_modules/is-even": {
      "version": "1.0.0",
      "resolved": "https://registry.npmjs.org/is-even/-/is-even-1.0.0.tgz",
      "integrity": "sha512-LEhnkAdJqic4Dbqn58A0y52IXoHWlsueqQkKfMfdEnIYG8A1sm/GHidKkS6yvXlMoRrkM34csHnXQtOqcb+Jzg==",
      "license": "MIT",
      "dependencies": {
        "is-odd": "^0.1.2"
      },
      "engines": {
        "node": ">=0.10.0"
      }
    },
    "node_modules/is-even/node_modules/is-number": {
      "version": "3.0.0",
      "resolved": "https://registry.npmjs.org/is-number/-/is-number-3.0.0.tgz",
      "integrity": "sha512-4cboCqIpliH+mAvFNegjZQ4kgKc3ZUhQVr3HvWbSh5q3WH2v82ct+T2Y1hdU5Gdtorx/cLifQjqCbL7bpznLTg==",
      "license": "MIT",
      "dependencies": {
        "kind-of": "^3.0.2"
      },
      "engines": {
        "node": ">=0.10.0"
      }
    },
    "node_modules/is-even/node_modules/is-odd": {
      "version": "0.1.2",
      "resolved": "https://registry.npmjs.org/is-odd/-/is-odd-0.1.2.tgz",
      "integrity": "sha512-Ri7C2K7o5IrUU9UEI8losXJCCD/UtsaIrkR5sxIcFg4xQ9cRJXlWA5DQvTE0yDc0krvSNLsRGXN11UPS6KyfBw==",
      "license": "MIT",
      "dependencies": {
        "is-number": "^3.0.0"
      },
      "engines": {
        "node": ">=0.10.0"
      }
    },
    "node_modules/is-function": {
      "version": "1.0.2",
      "resolved": "https://registry.npmjs.org/is-function/-/is-function-1.0.2.tgz",
      "integrity": "sha512-lw7DUp0aWXYg+CBCN+JKkcE0Q2RayZnSvnZBlwgxHBQhqt5pZNVy4Ri7H9GmmXkdu7LUthszM+Tor1u/2iBcpQ==",
      "license": "MIT"
    },
    "node_modules/is-multiple-of": {
      "version": "1.1.0",
      "resolved": "https://registry.npmjs.org/is-multiple-of/-/is-multiple-of-1.1.0.tgz",
      "integrity": "sha512-XRW9lfN9NerHAm1IChHkhx9PlA5G57hKBJJfu1u+93/R4GrrhFs13EAHOI/crhI0UAbi6ohMf6d6sa8BGj0wzA==",
      "license": "ISC",
      "dependencies": {
        "lodash.isequal": "^4.5.0",
        "modulus-operator": "^1.0.0",
        "to-integer": "^1.0.1"
      }
    },
    "node_modules/is-negative": {
      "version": "2.1.0",
      "resolved": "https://registry.npmjs.org/is-negative/-/is-negative-2.1.0.tgz",
      "integrity": "sha512-+iCKT4ZcvjRnjkHnQjZ8/qfciLLGD8BFKS0GNR5VjDU6jEiwh899R0GSMkaYcuTNd7fEKXb3Qib0webe6HczNw==",
      "license": "MIT",
      "engines": {
        "node": ">=0.10.0"
      }
    },
    "node_modules/is-nil": {
      "version": "1.0.1",
      "resolved": "https://registry.npmjs.org/is-nil/-/is-nil-1.0.1.tgz",
      "integrity": "sha512-m2Rm8PhUFDNNhgvwZJjJG74a9h5CHU0fkA8WT+WGlCjyEbZ2jPwgb+ZxHu4np284EqNVyOsgppReK4qy/TwEwg==",
      "license": "MIT"
    },
    "node_modules/is-number": {
      "version": "7.0.0",
      "resolved": "https://registry.npmjs.org/is-number/-/is-number-7.0.0.tgz",
      "integrity": "sha512-41Cifkg6e8TylSpdtTpeLVMqvSBEVzTttHvERD741+pnZ8ANv0004MRL43QKPDlK9cGvNp6NZWZUBlbGXYxxng==",
      "license": "MIT",
      "engines": {
        "node": ">=0.12.0"
      }
    },
    "node_modules/is-object": {
      "version": "1.0.2",
      "resolved": "https://registry.npmjs.org/is-object/-/is-object-1.0.2.tgz",
      "integrity": "sha512-2rRIahhZr2UWb45fIOuvZGpFtz0TyOZLf32KxBbSoUCeZR495zCKlWUKKUByk3geS2eAs7ZAABt0Y/Rx0GiQGA==",
      "license": "MIT",
      "funding": {
        "url": "https://github.com/sponsors/ljharb"
      }
    },
    "node_modules/is-odd": {
      "version": "3.0.1",
      "resolved": "https://registry.npmjs.org/is-odd/-/is-odd-3.0.1.tgz",
      "integrity": "sha512-CQpnWPrDwmP1+SMHXZhtLtJv90yiyVfluGsX5iNCVkrhQtU3TQHsUWPG9wkdk9Lgd5yNpAg9jQEo90CBaXgWMA==",
      "license": "MIT",
      "dependencies": {
        "is-number": "^6.0.0"
      },
      "engines": {
        "node": ">=4"
      }
    },
    "node_modules/is-odd/node_modules/is-number": {
      "version": "6.0.0",
      "resolved": "https://registry.npmjs.org/is-number/-/is-number-6.0.0.tgz",
      "integrity": "sha512-Wu1VHeILBK8KAWJUAiSZQX94GmOE45Rg6/538fKwiloUu21KncEkYGPqob2oSZ5mUT73vLGrHQjKw3KMPwfDzg==",
      "license": "MIT",
      "engines": {
        "node": ">=0.10.0"
      }
    },
    "node_modules/is-positive-integer": {
      "version": "1.1.1",
      "resolved": "https://registry.npmjs.org/is-positive-integer/-/is-positive-integer-1.1.1.tgz",
      "integrity": "sha512-T6luDwx35p373DEOLlrsJ2OBg13BPu5XJqrUTKatMBJz0zaNgbv14evf/1Ktv0WuGl/iPUbbgjTNpVEI23Ijog==",
      "license": "MIT"
    },
    "node_modules/is-regex": {
      "version": "1.2.1",
      "resolved": "https://registry.npmjs.org/is-regex/-/is-regex-1.2.1.tgz",
      "integrity": "sha512-MjYsKHO5O7mCsmRGxWcLWheFqN9DJ/2TmngvjKXihe6efViPqc274+Fx/4fYj/r03+ESvBdTXK0V6tA3rgez1g==",
      "license": "MIT",
      "dependencies": {
        "call-bound": "^1.0.2",
        "gopd": "^1.2.0",
        "has-tostringtag": "^1.0.2",
        "hasown": "^2.0.2"
      },
      "engines": {
        "node": ">= 0.4"
      },
      "funding": {
        "url": "https://github.com/sponsors/ljharb"
      }
    },
    "node_modules/is-symbol": {
      "version": "1.1.1",
      "resolved": "https://registry.npmjs.org/is-symbol/-/is-symbol-1.1.1.tgz",
      "integrity": "sha512-9gGx6GTtCQM73BgmHQXfDmLtfjjTUDSyoxTCbp5WtoixAhfgsDirWIcVQ/IHpvI5Vgd5i/J5F7B9cN/WlVbC/w==",
      "license": "MIT",
      "dependencies": {
        "call-bound": "^1.0.2",
        "has-symbols": "^1.1.0",
        "safe-regex-test": "^1.1.0"
      },
      "engines": {
        "node": ">= 0.4"
      },
      "funding": {
        "url": "https://github.com/sponsors/ljharb"
      }
    },
    "node_modules/isarray": {
      "version": "2.0.5",
      "resolved": "https://registry.npmjs.org/isarray/-/isarray-2.0.5.tgz",
      "integrity": "sha512-xHjhDr3cNBK0BzdUJSPXZntQUx/mwMS5Rw4A7lPJ90XGAO6ISP/ePDNuo0vhqOZU+UD5JoodwCAAoZQd3FeAKw==",
      "license": "MIT"
    },
    "node_modules/jquery": {
      "version": "3.7.1",
      "resolved": "https://registry.npmjs.org/jquery/-/jquery-3.7.1.tgz",
      "integrity": "sha512-m4avr8yL8kmFN8psrbFFFmB/If14iN5o9nw/NgnnM+kybDJpRsAynV2BsfpTYrTRysYUdADVD7CkUUizgkpLfg==",
      "license": "MIT"
    },
    "node_modules/jquery-basic-arithmetic-plugin": {
      "version": "1.1.0",
      "resolved": "https://registry.npmjs.org/jquery-basic-arithmetic-plugin/-/jquery-basic-arithmetic-plugin-1.1.0.tgz",
      "integrity": "sha512-LVlFKgsgDOd47AkI9LhhtyPMB7E77f9GKUl7YMdB5+Ct7pkx/XIdPAWJkOPmfifoTDH9ccEY1y7gR5VyQr7CyA=="
    },
    "node_modules/jsfruit": {
      "version": "1.1.0",
      "resolved": "https://registry.npmjs.org/jsfruit/-/jsfruit-1.1.0.tgz",
      "integrity": "sha512-On3qd9PNYR+3i6U4bzEV0y8X4x+ApKckb/sGkre/Z3cupJk3rukKkK9Ct2IdBRbuosA2L5OQipjWKgON4esKvg==",
      "license": "MIT"
    },
    "node_modules/kind-of": {
      "version": "3.2.2",
      "resolved": "https://registry.npmjs.org/kind-of/-/kind-of-3.2.2.tgz",
      "integrity": "sha512-NOW9QQXMoZGg/oqnVNoNTTIFEIid1627WCffUBJEdMxYApq7mNE7CpzucIPc+ZQg25Phej7IJSmX3hO+oblOtQ==",
      "license": "MIT",
      "dependencies": {
        "is-buffer": "^1.1.5"
      },
      "engines": {
        "node": ">=0.10.0"
      }
    },
    "node_modules/letter-b": {
      "version": "1.0.0",
      "resolved": "https://registry.npmjs.org/letter-b/-/letter-b-1.0.0.tgz",
      "integrity": "sha512-iDxsnYH7ZeNd9jU1UBHgjq6uYMnjr0/84nF3xHGEX8oFMpYeDMa0u45lKiW5askOl85oAJNLptu+bDemB6Fusg==",
      "license": "ISC"
    },
    "node_modules/letter-f": {
      "version": "1.0.0",
      "resolved": "https://registry.npmjs.org/letter-f/-/letter-f-1.0.0.tgz",
      "integrity": "sha512-ZsqpVtWWX5OMXL90VybetDrB2OwTdHizaL2+Xx/MmXTJ9G9ocNqczWrKpmAnV+07MwFQ5POBZECRj3tlvcjTUA==",
      "license": "ISC"
    },
    "node_modules/letter-i": {
      "version": "1.0.0",
      "resolved": "https://registry.npmjs.org/letter-i/-/letter-i-1.0.0.tgz",
      "integrity": "sha512-Pe1h/yL5NlBGTPko/ONVMsmxdKLasMzPIOoCRmwKojPRa2CNEPQ1NCu0vMj4ydLtG9GLKDMRdobOyhQRf4uzgA==",
      "license": "ISC"
    },
    "node_modules/letter-u": {
      "version": "1.0.0",
      "resolved": "https://registry.npmjs.org/letter-u/-/letter-u-1.0.0.tgz",
      "integrity": "sha512-0/5xv5xqRPSMJ561/+BnTZoFg2NTmZywUl3gzi0TdKRusw0os1P6vQjyp9Xe054/PIzCV7x12sPng7M/mpUcnQ==",
      "license": "ISC"
    },
    "node_modules/letter-z": {
      "version": "1.0.0",
      "resolved": "https://registry.npmjs.org/letter-z/-/letter-z-1.0.0.tgz",
      "integrity": "sha512-oKg8XU4g1AdjI5jnPVdLUk8NevocPJ6njw35nI8++Zw4TpvbC36iP1CvjgkroD8HzyeJydwtwmAdobTcslBdHA==",
      "license": "ISC"
    },
    "node_modules/libguacamole": {
      "version": "1.0.0",
      "resolved": "https://registry.npmjs.org/libguacamole/-/libguacamole-1.0.0.tgz",
      "integrity": "sha512-M6hklU9K2XU5KuoPq+2js5362RbvnKm5N2cy3mxIaivVvWTaqFX2Og/hB+YVTaGUFWfRtu1pvsH9jJ7M6rLI0A==",
      "license": "MIT",
      "dependencies": {
        "is-positive-integer": "^1.1.1"
      }
    },
    "node_modules/libperson": {
      "version": "1.0.0",
      "resolved": "https://registry.npmjs.org/libperson/-/libperson-1.0.0.tgz",
      "integrity": "sha512-Eos5ZmYW2dhPZEMIRgskDQOXuH9u99f7R11eqQhLWMyMam2xc0AsVxgoEH3xGsLvExkkfvhhkHOawLMIiR0EYw==",
      "license": "MIT",
      "dependencies": {
        "jsfruit": "^1.1.0",
        "libvegetable": "^1.0.0"
      }
    },
    "node_modules/libvegetable": {
      "version": "1.0.0",
      "resolved": "https://registry.npmjs.org/libvegetable/-/libvegetable-1.0.0.tgz",
      "integrity": "sha512-qSRAZ40DZpFv7wN8U6LCOZUcolZMZDyM0+0k8KR+3zQqE3+0j4ZU9Xx81VWXZ0j+ssOeje3qv82vyCl5g/53cw==",
      "license": "MIT",
      "dependencies": {
        "jsfruit": "^1.1.0",
        "libguacamole": "^1.0.0"
      }
    },
    "node_modules/literally": {
      "version": "1.0.0",
      "resolved": "https://registry.npmjs.org/literally/-/literally-1.0.0.tgz",
      "integrity": "sha512-TEvA9VwUvk46y4M5quP8MxB0wCbB4vE2l5olRYI0+MTfYB9r0lzvKhnIMuBTf8V25pS/7SsGPpLDPk6v2bjgxA==",
      "license": "MIT",
      "dependencies": {
        "desync": "~1.1.1"
      }
    },
    "node_modules/lodash": {
      "version": "4.17.21",
      "resolved": "https://registry.npmjs.org/lodash/-/lodash-4.17.21.tgz",
      "integrity": "sha512-v2kDEe57lecTulaDIuNTPy3Ry4gLGJ6Z1O3vE1krgXZNrsQ+LFTGHVxVjcXPs17LhbZVGedAJv8XZ1tvj5FvSg==",
      "license": "MIT"
    },
    "node_modules/lodash.constant": {
      "version": "3.0.0",
      "resolved": "https://registry.npmjs.org/lodash.constant/-/lodash.constant-3.0.0.tgz",
      "integrity": "sha512-X5XMrB+SdI1mFa81162NSTo/YNd23SLdLOLzcXTwS4inDZ5YCL8X67UFzZJAH4CqIa6R8cr56CShfA5K5MFiYQ==",
      "license": "MIT"
    },
    "node_modules/lodash.isequal": {
      "version": "4.5.0",
      "resolved": "https://registry.npmjs.org/lodash.isequal/-/lodash.isequal-4.5.0.tgz",
      "integrity": "sha512-pDo3lu8Jhfjqls6GkMgpahsF9kCyayhgykjyLMNFTKWrpVdAQtYyB4muAMWozBB4ig/dtWAmsMxLEI8wuz+DYQ==",
      "deprecated": "This package is deprecated. Use require('node:util').isDeepStrictEqual instead.",
      "license": "MIT"
    },
    "node_modules/make-jquery-global": {
      "version": "1.0.1",
      "resolved": "https://registry.npmjs.org/make-jquery-global/-/make-jquery-global-1.0.1.tgz",
      "integrity": "sha512-66J59vk2sYztuptFPQQ/aQNRfc4gfwLhpHHq8Dmtnc9e2li6A5A5T/QkZ6VUoVSWLdd/F5C4fr5zX0Qmfk4lAw==",
      "license": "MIT",
      "dependencies": {
        "jquery": "^3.7.1"
      }
    },
    "node_modules/math-intrinsics": {
      "version": "1.1.0",
      "resolved": "https://registry.npmjs.org/math-intrinsics/-/math-intrinsics-1.1.0.tgz",
      "integrity": "sha512-/IXtbwEk5HTPyEwyKX6hGkYXxM9nbj64B+ilVJnC/R6B0pH5G4V3b0pVbL7DBj4tkhBAppbQUlf6F6Xl9LHu1g==",
      "license": "MIT",
      "engines": {
        "node": ">= 0.4"
      }
    },
    "node_modules/meaning-of-life": {
      "version": "1.0.0",
      "resolved": "https://registry.npmjs.org/meaning-of-life/-/meaning-of-life-1.0.0.tgz",
      "integrity": "sha512-fVA4xSydqtK9owabGcYw1r4EKEsMOVVeYQLeCXPu77Z+8Y2j2B2I16UqZlKIOHnYkJ4RSvpJ00ywy9IWjmuxYw==",
      "license": "ISC"
    },
    "node_modules/modulus-operator": {
      "version": "1.0.0",
      "resolved": "https://registry.npmjs.org/modulus-operator/-/modulus-operator-1.0.0.tgz",
      "integrity": "sha512-TR5lnLUHCJuQ0iEcNCIG6H6DyrlbULMH6Wa6I3rvQWLt7wKZelM5gvoU+yDv30S7B+HQ8BYqewNd63njZpTQJw==",
      "license": "ISC",
      "dependencies": {
        "to-integer": "^1.0.1"
      }
    },
    "node_modules/none": {
      "version": "1.0.0",
      "resolved": "https://registry.npmjs.org/none/-/none-1.0.0.tgz",
      "integrity": "sha512-i7zGuWTL3GPeD6N6qm8dP7dpxI6Tj/NXACKZh1j2b/P0/h3Drv5r074gyAwuENJ0A7H9JJb0ic2spGbliXhMdA==",
      "license": "Apache-2.0"
    },
    "node_modules/noop6": {
      "version": "1.0.10",
      "resolved": "https://registry.npmjs.org/noop6/-/noop6-1.0.10.tgz",
      "integrity": "sha512-WZvuCILZFZHK+WuqCQwxLBGllkBK1ct8s8Mu9FMDbEsBE6/bqNxyFGbX7Xky+6bYFL8X2Ou4Cis4CJyrwXLvQA==",
      "license": "MIT"
    },
    "node_modules/number-fifteen": {
      "version": "1.0.0",
      "resolved": "https://registry.npmjs.org/number-fifteen/-/number-fifteen-1.0.0.tgz",
      "integrity": "sha512-tHo4gkPrjk3btwqihVtb/7chiEYMhOZsGY4LqnnWxFTByMWM705Z1hQLGkolk8cwMXf4zAuHTxZiHEoLicbHNw==",
      "license": "MIT",
      "dependencies": {
        "fifteen-kilos": "^2.0.0"
      }
    },
    "node_modules/number-six": {
      "version": "1.0.1",
      "resolved": "https://registry.npmjs.org/number-six/-/number-six-1.0.1.tgz",
      "integrity": "sha512-827qpyvdWYtHzCrpTa7KE2q2w1LGV4zGF75NTiVSTlFiws6W8ogcyunguNMxmXKETItiMDAGKuFP2cGkoDKW7A==",
      "license": "MIT",
      "dependencies": {
        "sixteen-constant": "^1.0.0",
        "stevelib": "^1.0.0"
      }
    },
    "node_modules/number-zero": {
      "version": "1.0.3",
      "resolved": "https://registry.npmjs.org/number-zero/-/number-zero-1.0.3.tgz",
      "integrity": "sha512-6YL56eHS1uOILhwxk/d53W9vF1HHS0AjlH3WVw5b9xiMX59Sa7l4RD3AcKir46yrb2Rz/n+3Svu2tL7YOzAuvg==",
      "license": "ISC"
    },
    "node_modules/safe-regex-test": {
      "version": "1.1.0",
      "resolved": "https://registry.npmjs.org/safe-regex-test/-/safe-regex-test-1.1.0.tgz",
      "integrity": "sha512-x/+Cz4YrimQxQccJf5mKEbIa1NzeCRNI5Ecl/ekmlYaampdNLPalVyIcCZNNH3MvmqBugV5TMYZXv0ljslUlaw==",
      "license": "MIT",
      "dependencies": {
        "call-bound": "^1.0.2",
        "es-errors": "^1.3.0",
        "is-regex": "^1.2.1"
      },
      "engines": {
        "node": ">= 0.4"
      },
      "funding": {
        "url": "https://github.com/sponsors/ljharb"
      }
    },
    "node_modules/se7en": {
      "version": "1.0.0",
      "resolved": "https://registry.npmjs.org/se7en/-/se7en-1.0.0.tgz",
      "integrity": "sha512-0rdyKToWsGnvDHwBK2+rIf3HUafoK5tatmg9SI9HskJ0kr4WuQc10CdDvY+CS1hEG1OCkWeNJ1yJyZEn4cfLVA==",
      "license": "UNLICENSED"
    },
    "node_modules/set-function-length": {
      "version": "1.2.2",
      "resolved": "https://registry.npmjs.org/set-function-length/-/set-function-length-1.2.2.tgz",
      "integrity": "sha512-pgRc4hJ4/sNjWCSS9AmnS40x3bNMDTknHgL5UaMBTMyJnU90EgWh1Rz+MC9eFu4BuN/UwZjKQuY/1v3rM7HMfg==",
      "license": "MIT",
      "dependencies": {
        "define-data-property": "^1.1.4",
        "es-errors": "^1.3.0",
        "function-bind": "^1.1.2",
        "get-intrinsic": "^1.2.4",
        "gopd": "^1.0.1",
        "has-property-descriptors": "^1.0.2"
      },
      "engines": {
        "node": ">= 0.4"
      }
    },
    "node_modules/sixteen-constant": {
      "version": "1.0.0",
      "resolved": "https://registry.npmjs.org/sixteen-constant/-/sixteen-constant-1.0.0.tgz",
      "integrity": "sha512-jsDKUMRSf7foJdywvNRTgSHgAMsXuDaq7agpkAuLGUSjX86ho5HZ2/9t8+Zbi89H/cG/XkwkLJXXUpg+17OvSg==",
      "license": "MIT",
      "dependencies": {
        "fifteen-point-eight-three-five-two-six-six-eight-two-and-so-on": "^1.0.0"
      }
    },
    "node_modules/stevelib": {
      "version": "1.0.0",
      "resolved": "https://registry.npmjs.org/stevelib/-/stevelib-1.0.0.tgz",
      "integrity": "sha512-gfVqeTzYlZ6gLlj+KBpZAph8SZ+H9VHg3BrIklL81NAkwbNsJyicblx76RJ+fBTcNQgLeANgHWNZ+qiF5Guz+g==",
      "license": "MIT",
      "dependencies": {
        "libperson": "^1.0.0"
      }
    },
    "node_modules/string-buzz": {
      "version": "1.0.0",
      "resolved": "https://registry.npmjs.org/string-buzz/-/string-buzz-1.0.0.tgz",
      "integrity": "sha512-DZif1aAjcziVC7rWyzBag2Y4/YOI5h2qEkM+zWOIBUz4czjZqaKzOsy1aQUPMQoJZ3tWU1DL6Uw0JrK8RYhSUQ==",
      "license": "ISC",
      "dependencies": {
        "general-concat": "^1.0.0",
        "letter-b": "^1.0.0",
        "letter-u": "^1.0.0",
        "letter-z": "^1.0.0"
      }
    },
    "node_modules/string-fizz": {
      "version": "1.0.0",
      "resolved": "https://registry.npmjs.org/string-fizz/-/string-fizz-1.0.0.tgz",
      "integrity": "sha512-RKXleqwWJx3RfKv6KtXa6SSE47OjBrYPfeqwpLMgrOGfYyQ0VW/3nH6GFh3ntryu7n9EnlcKtljlAOQiZSzFdQ==",
      "license": "ISC",
      "dependencies": {
        "general-concat": "^1.0.0",
        "letter-f": "^1.0.0",
        "letter-i": "^1.0.0",
        "letter-z": "^1.0.0"
      }
    },
    "node_modules/subtract": {
      "version": "0.0.3",
      "resolved": "https://registry.npmjs.org/subtract/-/subtract-0.0.3.tgz",
      "integrity": "sha512-BgZVAww8pIpMuLH0aaJWRHuXahCwT98zjAJPdnsrggi8wgE4G5HqT33xVwBRAwokN3FNHZPtMIniYgE/hhF18w==",
      "license": "MIT"
    },
    "node_modules/successor": {
      "version": "1.0.1",
      "resolved": "https://registry.npmjs.org/successor/-/successor-1.0.1.tgz",
      "integrity": "sha512-xKiQSxuJBTUIFhDYbkhw2yQR3C6igFo/+OYbLQDjLqtlpthn2TorUyQ0QMrwA8wdQQo8dQqDsibYQvedIsJxNA==",
      "license": "MIT",
      "dependencies": {
        "is-negative": "^2.1.0",
        "is-number": "^7.0.0",
        "true": "^0.0.4"
      }
    },
    "node_modules/switch-in-fp": {
      "version": "3.0.0",
      "resolved": "https://registry.npmjs.org/switch-in-fp/-/switch-in-fp-3.0.0.tgz",
      "integrity": "sha512-NeC0BIlKAwIMt47kqk0k4DmAz+fRk1uhQkNJ7g+2AYht4eIP37SC/AA1yg0okSWZIIKQdWkEedj270Rck9CASQ==",
      "license": "MIT",
      "dependencies": {
        "false": "^0.0.4",
        "if": "^2.0.0",
        "lodash.isequal": "^4.5.0",
        "true": "^0.0.4"
      }
    },
    "node_modules/the-number-one": {
      "version": "1.0.1",
      "resolved": "https://registry.npmjs.org/the-number-one/-/the-number-one-1.0.1.tgz",
      "integrity": "sha512-gDOR0DbPQLlQGZ08didxsZ9iT42qGdex1MAToDdETOksmVDU/eoORx7ov7kgRKBYvocoRmebySuZZQTfoZ7+XA==",
      "license": "MIT"
    },
    "node_modules/to-integer": {
      "version": "1.0.1",
      "resolved": "https://registry.npmjs.org/to-integer/-/to-integer-1.0.1.tgz",
      "integrity": "sha512-mv4Nwp8Y28xLp1rdYgnlV4NqYBn23lIitU2fqCtyrLXlwsC6th3Aq37JRe7qfuROMJv66kAZG8V9NR1HIgwOUg==",
      "license": "MIT",
      "dependencies": {
        "is-function": "^1.0.1",
        "is-nil": "^1.0.0",
        "is-object": "^1.0.1",
        "is-symbol": "^1.0.1"
      }
    },
    "node_modules/to-str": {
      "version": "1.0.0",
      "resolved": "https://registry.npmjs.org/to-str/-/to-str-1.0.0.tgz",
      "integrity": "sha512-UETUWfNiPKGvdZ2nAmiTTmv583SivKIHB10J0qQQgfkWvSQXKtPeF+On7pejMaD2rqTIFWgXz25dPyzABAgIHw==",
      "license": "MIT",
      "dependencies": {
        "is-function": "^1.0.1",
        "is-nil": "^1.0.0",
        "is-object": "^1.0.1",
        "is-symbol": "^1.0.1"
      }
    },
    "node_modules/true": {
      "version": "0.0.4",
      "resolved": "https://registry.npmjs.org/true/-/true-0.0.4.tgz",
      "integrity": "sha512-e7hkFCda5y51OTE4eQHVPFbuljGnOpzrVcigGM5Pd9+Bw1bEsHCq3mVIm/z/O5Mh1bXtVPNxUV8oCl/dMunlRg==",
      "license": "Apache-2.0",
      "bin": {
        "true": "bin/cli.js"
      }
    },
    "node_modules/true-value": {
      "version": "2.0.5",
      "resolved": "https://registry.npmjs.org/true-value/-/true-value-2.0.5.tgz",
      "integrity": "sha512-/3BokLYzCelErHUtNjN/h8usRdHVoyiZ8XjfntzOZAYs8D0wSyc98KBIMM+gLqmq2RI8Zk3SnuqZI89hiopiRw==",
      "license": "UNLICENSED"
    },
    "node_modules/two": {
      "version": "1.0.7",
      "resolved": "https://registry.npmjs.org/two/-/two-1.0.7.tgz",
      "integrity": "sha512-51CvBH1aNZmWTrdox7Ylv38EVYM/QhJ8CxCi735j+YfSfq+JZ91Cd1UXp0JiVQ0iyurrt/gJqWGydZsoQgjWZQ==",
      "license": "MIT",
      "dependencies": {
        "lodash": "^4.17.21"
      }
    },
    "node_modules/two-shim": {
      "version": "1.0.0",
      "resolved": "https://registry.npmjs.org/two-shim/-/two-shim-1.0.0.tgz",
      "integrity": "sha512-OdI4ukmIGFztI8vDGrKFvTQrSQIWRrkoQNXUoJjlL1uAGT7+lUnIUXeMsnanPAK2sMnB9BKSCPbejZ+h+uBRwg==",
      "license": "MIT",
      "dependencies": {
        "two": "^1.0.1"
      }
    },
    "node_modules/uncurry-x": {
      "version": "1.0.1",
      "resolved": "https://registry.npmjs.org/uncurry-x/-/uncurry-x-1.0.1.tgz",
      "integrity": "sha512-lb1WMrKXwSwVE8Us8FSTUw+sImeOo0nBKrGghZIzSYvTVJ0njOhVnbolA2F06ATKJFvFm1gHYSiGNiwrBIzatA==",
      "license": "MIT",
      "dependencies": {
        "define-data-property": "^1.1.4",
        "function.call-x": "^1.0.0",
        "set-function-length": "^1.2.2"
      }
    },
    "node_modules/vanilla-javascript": {
      "version": "1.1.6",
      "resolved": "https://registry.npmjs.org/vanilla-javascript/-/vanilla-javascript-1.1.6.tgz",
      "integrity": "sha512-wry8BlEUXvmRIGGcOhhqObC4f3y2abNPP6AGh7cSoTEJ1AZeVRxPjBfGzbFs8d+iSuzLg/n9AfHoH6RfwYNSsA==",
      "license": "MIT",
      "engines": {
        "node": ">=0.0.1"
      }
    },
    "node_modules/yanoop": {
      "version": "1.0.0",
      "resolved": "https://registry.npmjs.org/yanoop/-/yanoop-1.0.0.tgz",
      "integrity": "sha512-P/Zkeo4BUlzLSMUO1P7yls8Bca/w6wlty/CUX5jplTW8Gc0MteQ6cu9fiI/jhxJ6FyPs1gi0dWTWwX5MeEM8IA==",
      "license": "MIT"
    }
  }
}
