{
  "name": "@negative-numbers/zero",
  "version": "1.0.0",
  "lockfileVersion": 3,
  "requires": true,
  "packages": {
    "": {
      "name": "@negative-numbers/zero",
      "version": "1.0.0",
      "license": "dffdssfdsfsdfsf",
      "dependencies": {
        "infinities": "^1.0.1",
        "integer-value-positive-one": "^1.0.2",
        "lodash.divide": "^4.9.0"
      }
    },
    "node_modules/infinities": {
      "version": "1.0.1",
      "resolved": "https://registry.npmjs.org/infinities/-/infinities-1.0.1.tgz",
      "integrity": "sha512-q7VqEtSBmEup4SP9KaK4bvqgvhln0JuTPeoGlSL9nzqfBd2lzQMO949dSOXmg7OYjQ/piCa2dgKBnALIL6IUXA==",
      "license": "MIT",
      "dependencies": {
        "math-intrinsics": "^1.1.0",
        "noargs-wrapper": "^1.1.0"
      }
    },
    "node_modules/integer-value-positive-one": {
      "version": "1.0.2",
      "resolved": "https://registry.npmjs.org/integer-value-positive-one/-/integer-value-positive-one-1.0.2.tgz",
      "integrity": "sha512-nSposnekAMigx0WC9L1O2eqPujjxkbRt5hktfzE9gfa7b9dCbonsHWAVRXBFeucJBEVnCOe2084kOcSKpUDPmQ==",
      "license": "MIT",
      "dependencies": {
        "the-number-one": "^1.0.1"
      }
    },
    "node_modules/lodash.divide": {
      "version": "4.9.0",
      "resolved": "https://registry.npmjs.org/lodash.divide/-/lodash.divide-4.9.0.tgz",
      "integrity": "sha512-vgz9n5ylt2gV8Soz6gsG0H8ronxwXFjzGeeO71WQmm5f7Wk/1BMXSwGpW7QNxxC25Wbkj5ZAc66n+VIhS5WZKA==",
      "license": "MIT"
    },
    "node_modules/math-intrinsics": {
      "version": "1.1.0",
      "resolved": "https://registry.npmjs.org/math-intrinsics/-/math-intrinsics-1.1.0.tgz",
      "integrity": "sha512-/IXtbwEk5HTPyEwyKX6hGkYXxM9nbj64B+ilVJnC/R6B0pH5G4V3b0pVbL7DBj4tkhBAppbQUlf6F6Xl9LHu1g==",
      "license": "MIT",
      "engines": {
        "node": ">= 0.4"
      }
    },
    "node_modules/noargs-wrapper": {
      "version": "1.1.0",
      "resolved": "https://registry.npmjs.org/noargs-wrapper/-/noargs-wrapper-1.1.0.tgz",
      "integrity": "sha512-aqUzn5oq5BrYrTYkCnYeudIzQBIfwgmxj3mQSejZRYJWBJBh+N/Ko38NQ3tjKredwTW5rkBD/G0upKq8Q7ot3Q==",
      "license": "MIT",
      "dependencies": {
        "ramda.nary": "^0.26.1"
      }
    },
    "node_modules/ramda.nary": {
      "version": "0.26.1",
      "resolved": "https://registry.npmjs.org/ramda.nary/-/ramda.nary-0.26.1.tgz",
      "integrity": "sha512-kdBL1j0HqHbRy1ZAdjoZohJ1fvA6r68nKKgaVE/S+ODK9Vec7uHJ6ElJIvqvZNR2QVrG4yv43Sw7IrTUdt9jtQ==",
      "license": "MIT"
    },
    "node_modules/the-number-one": {
      "version": "1.0.1",
      "resolved": "https://registry.npmjs.org/the-number-one/-/the-number-one-1.0.1.tgz",
      "integrity": "sha512-gDOR0DbPQLlQGZ08didxsZ9iT42qGdex1MAToDdETOksmVDU/eoORx7ov7kgRKBYvocoRmebySuZZQTfoZ7+XA==",
      "license": "MIT"
    }
  }
}
